// !$*UTF8*$!
{
	archiveVersion = 1;
	classes = {
	};
	objectVersion = 48;
	objects = {

/* Begin PBXBuildFile section */
		5D30D9FF9C4EF588F035E232 /* Pods_CoinScout.framework in Frameworks */ = {isa = PBXBuildFile; fileRef = 5D9592A3D3DE3378EB6E764D /* Pods_CoinScout.framework */; };
		A5F1D6712077F16C0061E758 /* AppDelegate.swift in Sources */ = {isa = PBXBuildFile; fileRef = A5F1D6702077F16C0061E758 /* AppDelegate.swift */; };
		A5F1D6732077F16C0061E758 /* ViewController.swift in Sources */ = {isa = PBXBuildFile; fileRef = A5F1D6722077F16C0061E758 /* ViewController.swift */; };
		A5F1D6762077F16C0061E758 /* Main.storyboard in Resources */ = {isa = PBXBuildFile; fileRef = A5F1D6742077F16C0061E758 /* Main.storyboard */; };
		A5F1D6792077F16C0061E758 /* CoinScout.xcdatamodeld in Sources */ = {isa = PBXBuildFile; fileRef = A5F1D6772077F16C0061E758 /* CoinScout.xcdatamodeld */; };
		A5F1D67B2077F16C0061E758 /* Assets.xcassets in Resources */ = {isa = PBXBuildFile; fileRef = A5F1D67A2077F16C0061E758 /* Assets.xcassets */; };
		A5F1D67E2077F16C0061E758 /* LaunchScreen.storyboard in Resources */ = {isa = PBXBuildFile; fileRef = A5F1D67C2077F16C0061E758 /* LaunchScreen.storyboard */; };
/* End PBXBuildFile section */

/* Begin PBXFileReference section */
		43362626BA4DDF79E6D06508 /* Pods-CoinScout.debug.xcconfig */ = {isa = PBXFileReference; includeInIndex = 1; lastKnownFileType = text.xcconfig; name = "Pods-CoinScout.debug.xcconfig"; path = "Pods/Target Support Files/Pods-CoinScout/Pods-CoinScout.debug.xcconfig"; sourceTree = "<group>"; };
		58D4A9256325A689C6B72850 /* Pods-CoinScout.release.xcconfig */ = {isa = PBXFileReference; includeInIndex = 1; lastKnownFileType = text.xcconfig; name = "Pods-CoinScout.release.xcconfig"; path = "Pods/Target Support Files/Pods-CoinScout/Pods-CoinScout.release.xcconfig"; sourceTree = "<group>"; };
		5D9592A3D3DE3378EB6E764D /* Pods_CoinScout.framework */ = {isa = PBXFileReference; explicitFileType = wrapper.framework; includeInIndex = 0; path = Pods_CoinScout.framework; sourceTree = BUILT_PRODUCTS_DIR; };
		A5F1D66D2077F16C0061E758 /* CoinScout.app */ = {isa = PBXFileReference; explicitFileType = wrapper.application; includeInIndex = 0; path = CoinScout.app; sourceTree = BUILT_PRODUCTS_DIR; };
		A5F1D6702077F16C0061E758 /* AppDelegate.swift */ = {isa = PBXFileReference; lastKnownFileType = sourcecode.swift; path = AppDelegate.swift; sourceTree = "<group>"; };
		A5F1D6722077F16C0061E758 /* ViewController.swift */ = {isa = PBXFileReference; lastKnownFileType = sourcecode.swift; path = ViewController.swift; sourceTree = "<group>"; };
		A5F1D6752077F16C0061E758 /* Base */ = {isa = PBXFileReference; lastKnownFileType = file.storyboard; name = Base; path = Base.lproj/Main.storyboard; sourceTree = "<group>"; };
		A5F1D6782077F16C0061E758 /* CoinScout.xcdatamodel */ = {isa = PBXFileReference; lastKnownFileType = wrapper.xcdatamodel; path = CoinScout.xcdatamodel; sourceTree = "<group>"; };
		A5F1D67A2077F16C0061E758 /* Assets.xcassets */ = {isa = PBXFileReference; lastKnownFileType = folder.assetcatalog; path = Assets.xcassets; sourceTree = "<group>"; };
		A5F1D67D2077F16C0061E758 /* Base */ = {isa = PBXFileReference; lastKnownFileType = file.storyboard; name = Base; path = Base.lproj/LaunchScreen.storyboard; sourceTree = "<group>"; };
		A5F1D67F2077F16D0061E758 /* Info.plist */ = {isa = PBXFileReference; lastKnownFileType = text.plist.xml; path = Info.plist; sourceTree = "<group>"; };
/* End PBXFileReference section */

/* Begin PBXFrameworksBuildPhase section */
		A5F1D66A2077F16C0061E758 /* Frameworks */ = {
			isa = PBXFrameworksBuildPhase;
			buildActionMask = 2147483647;
			files = (
				5D30D9FF9C4EF588F035E232 /* Pods_CoinScout.framework in Frameworks */,
			);
			runOnlyForDeploymentPostprocessing = 0;
		};
/* End PBXFrameworksBuildPhase section */

/* Begin PBXGroup section */
		1D007AD272100FA4D4E0040C /* Pods */ = {
			isa = PBXGroup;
			children = (
				43362626BA4DDF79E6D06508 /* Pods-CoinScout.debug.xcconfig */,
				58D4A9256325A689C6B72850 /* Pods-CoinScout.release.xcconfig */,
			);
			name = Pods;
			sourceTree = "<group>";
		};
		3E3F8524DC575677CEE8B8BC /* Frameworks */ = {
			isa = PBXGroup;
			children = (
				5D9592A3D3DE3378EB6E764D /* Pods_CoinScout.framework */,
			);
			name = Frameworks;
			sourceTree = "<group>";
		};
		A5F1D6642077F16C0061E758 = {
			isa = PBXGroup;
			children = (
				A5F1D66F2077F16C0061E758 /* CoinScout */,
				A5F1D66E2077F16C0061E758 /* Products */,
				1D007AD272100FA4D4E0040C /* Pods */,
				3E3F8524DC575677CEE8B8BC /* Frameworks */,
			);
			sourceTree = "<group>";
		};
		A5F1D66E2077F16C0061E758 /* Products */ = {
			isa = PBXGroup;
			children = (
				A5F1D66D2077F16C0061E758 /* CoinScout.app */,
			);
			name = Products;
			sourceTree = "<group>";
		};
		A5F1D66F2077F16C0061E758 /* CoinScout */ = {
			isa = PBXGroup;
			children = (
				A5F1D6702077F16C0061E758 /* AppDelegate.swift */,
				A5F1D6722077F16C0061E758 /* ViewController.swift */,
				A5F1D6742077F16C0061E758 /* Main.storyboard */,
				A5F1D67A2077F16C0061E758 /* Assets.xcassets */,
				A5F1D67C2077F16C0061E758 /* LaunchScreen.storyboard */,
				A5F1D67F2077F16D0061E758 /* Info.plist */,
				A5F1D6772077F16C0061E758 /* CoinScout.xcdatamodeld */,
			);
			path = CoinScout;
			sourceTree = "<group>";
		};
/* End PBXGroup section */

/* Begin PBXNativeTarget section */
		A5F1D66C2077F16C0061E758 /* CoinScout */ = {
			isa = PBXNativeTarget;
			buildConfigurationList = A5F1D6822077F16D0061E758 /* Build configuration list for PBXNativeTarget "CoinScout" */;
			buildPhases = (
				5970953D64734F776EC028FE /* [CP] Check Pods Manifest.lock */,
				A5F1D6692077F16C0061E758 /* Sources */,
				A5F1D66A2077F16C0061E758 /* Frameworks */,
				A5F1D66B2077F16C0061E758 /* Resources */,
				14E61A643568B90AB87EB4F6 /* [CP] Embed Pods Frameworks */,
			);
			buildRules = (
			);
			dependencies = (
			);
			name = CoinScout;
			productName = CoinScout;
			productReference = A5F1D66D2077F16C0061E758 /* CoinScout.app */;
			productType = "com.apple.product-type.application";
		};
/* End PBXNativeTarget section */

/* Begin PBXProject section */
		A5F1D6652077F16C0061E758 /* Project object */ = {
			isa = PBXProject;
			attributes = {
				LastSwiftUpdateCheck = 0920;
				LastUpgradeCheck = 0920;
				ORGANIZATIONNAME = "Brandon Wilmott";
				TargetAttributes = {
					A5F1D66C2077F16C0061E758 = {
						CreatedOnToolsVersion = 9.2;
						ProvisioningStyle = Automatic;
					};
				};
			};
			buildConfigurationList = A5F1D6682077F16C0061E758 /* Build configuration list for PBXProject "CoinScout" */;
			compatibilityVersion = "Xcode 8.0";
			developmentRegion = en;
			hasScannedForEncodings = 0;
			knownRegions = (
				en,
				Base,
			);
			mainGroup = A5F1D6642077F16C0061E758;
			productRefGroup = A5F1D66E2077F16C0061E758 /* Products */;
			projectDirPath = "";
			projectRoot = "";
			targets = (
				A5F1D66C2077F16C0061E758 /* CoinScout */,
			);
		};
/* End PBXProject section */

/* Begin PBXResourcesBuildPhase section */
		A5F1D66B2077F16C0061E758 /* Resources */ = {
			isa = PBXResourcesBuildPhase;
			buildActionMask = 2147483647;
			files = (
				A5F1D67E2077F16C0061E758 /* LaunchScreen.storyboard in Resources */,
				A5F1D67B2077F16C0061E758 /* Assets.xcassets in Resources */,
				A5F1D6762077F16C0061E758 /* Main.storyboard in Resources */,
			);
			runOnlyForDeploymentPostprocessing = 0;
		};
/* End PBXResourcesBuildPhase section */

/* Begin PBXShellScriptBuildPhase section */
		14E61A643568B90AB87EB4F6 /* [CP] Embed Pods Frameworks */ = {
			isa = PBXShellScriptBuildPhase;
			buildActionMask = 2147483647;
			files = (
			);
			inputPaths = (
				"${SRCROOT}/Pods/Target Support Files/Pods-CoinScout/Pods-CoinScout-frameworks.sh",
				"${BUILT_PRODUCTS_DIR}/Alamofire/Alamofire.framework",
				"${BUILT_PRODUCTS_DIR}/ChameleonFramework/ChameleonFramework.framework",
				"${BUILT_PRODUCTS_DIR}/SwiftyJSON/SwiftyJSON.framework",
			);
			name = "[CP] Embed Pods Frameworks";
			outputPaths = (
				"${TARGET_BUILD_DIR}/${FRAMEWORKS_FOLDER_PATH}/Alamofire.framework",
				"${TARGET_BUILD_DIR}/${FRAMEWORKS_FOLDER_PATH}/ChameleonFramework.framework",
				"${TARGET_BUILD_DIR}/${FRAMEWORKS_FOLDER_PATH}/SwiftyJSON.framework",
			);
			runOnlyForDeploymentPostprocessing = 0;
			shellPath = /bin/sh;
			shellScript = "\"${SRCROOT}/Pods/Target Support Files/Pods-CoinScout/Pods-CoinScout-frameworks.sh\"\n";
			showEnvVarsInLog = 0;
		};
		5970953D64734F776EC028FE /* [CP] Check Pods Manifest.lock */ = {
			isa = PBXShellScriptBuildPhase;
			buildActionMask = 2147483647;
			files = (
			);
			inputPaths = (
				"${PODS_PODFILE_DIR_PATH}/Podfile.lock",
				"${PODS_ROOT}/Manifest.lock",
			);
			name = "[CP] Check Pods Manifest.lock";
			outputPaths = (
				"$(DERIVED_FILE_DIR)/Pods-CoinScout-checkManifestLockResult.txt",
			);
			runOnlyForDeploymentPostprocessing = 0;
			shellPath = /bin/sh;
			shellScript = "diff \"${PODS_PODFILE_DIR_PATH}/Podfile.lock\" \"${PODS_ROOT}/Manifest.lock\" > /dev/null\nif [ $? != 0 ] ; then\n    # print error to STDERR\n    echo \"error: The sandbox is not in sync with the Podfile.lock. Run 'pod install' or update your CocoaPods installation.\" >&2\n    exit 1\nfi\n# This output is used by Xcode 'outputs' to avoid re-running this script phase.\necho \"SUCCESS\" > \"${SCRIPT_OUTPUT_FILE_0}\"\n";
			showEnvVarsInLog = 0;
		};
/* End PBXShellScriptBuildPhase section */

/* Begin PBXSourcesBuildPhase section */
		A5F1D6692077F16C0061E758 /* Sources */ = {
			isa = PBXSourcesBuildPhase;
			buildActionMask = 2147483647;
			files = (
				A5F1D6732077F16C0061E758 /* ViewController.swift in Sources */,
				A5F1D6712077F16C0061E758 /* AppDelegate.swift in Sources */,
				A5F1D6792077F16C0061E758 /* CoinScout.xcdatamodeld in Sources */,
			);
			runOnlyForDeploymentPostprocessing = 0;
		};
/* End PBXSourcesBuildPhase section */

/* Begin PBXVariantGroup section */
		A5F1D6742077F16C0061E758 /* Main.storyboard */ = {
			isa = PBXVariantGroup;
			children = (
				A5F1D6752077F16C0061E758 /* Base */,
			);
			name = Main.storyboard;
			sourceTree = "<group>";
		};
		A5F1D67C2077F16C0061E758 /* LaunchScreen.storyboard */ = {
			isa = PBXVariantGroup;
			children = (
				A5F1D67D2077F16C0061E758 /* Base */,
			);
			name = LaunchScreen.storyboard;
			sourceTree = "<group>";
		};
/* End PBXVariantGroup section */

/* Begin XCBuildConfiguration section */
		A5F1D6802077F16D0061E758 /* Debug */ = {
			isa = XCBuildConfiguration;
			buildSettings = {
				ALWAYS_SEARCH_USER_PATHS = NO;
				CLANG_ANALYZER_NONNULL = YES;
				CLANG_ANALYZER_NUMBER_OBJECT_CONVERSION = YES_AGGRESSIVE;
				CLANG_CXX_LANGUAGE_STANDARD = "gnu++14";
				CLANG_CXX_LIBRARY = "libc++";
				CLANG_ENABLE_MODULES = YES;
				CLANG_ENABLE_OBJC_ARC = YES;
				CLANG_WARN_BLOCK_CAPTURE_AUTORELEASING = YES;
				CLANG_WARN_BOOL_CONVERSION = YES;
				CLANG_WARN_COMMA = YES;
				CLANG_WARN_CONSTANT_CONVERSION = YES;
				CLANG_WARN_DIRECT_OBJC_ISA_USAGE = YES_ERROR;
				CLANG_WARN_DOCUMENTATION_COMMENTS = YES;
				CLANG_WARN_EMPTY_BODY = YES;
				CLANG_WARN_ENUM_CONVERSION = YES;
				CLANG_WARN_INFINITE_RECURSION = YES;
				CLANG_WARN_INT_CONVERSION = YES;
				CLANG_WARN_NON_LITERAL_NULL_CONVERSION = YES;
				CLANG_WARN_OBJC_LITERAL_CONVERSION = YES;
				CLANG_WARN_OBJC_ROOT_CLASS = YES_ERROR;
				CLANG_WARN_RANGE_LOOP_ANALYSIS = YES;
				CLANG_WARN_STRICT_PROTOTYPES = YES;
				CLANG_WARN_SUSPICIOUS_MOVE = YES;
				CLANG_WARN_UNGUARDED_AVAILABILITY = YES_AGGRESSIVE;
				CLANG_WARN_UNREACHABLE_CODE = YES;
				CLANG_WARN__DUPLICATE_METHOD_MATCH = YES;
				CODE_SIGN_IDENTITY = "iPhone Developer";
				COPY_PHASE_STRIP = NO;
				DEBUG_INFORMATION_FORMAT = dwarf;
				ENABLE_STRICT_OBJC_MSGSEND = YES;
				ENABLE_TESTABILITY = YES;
				GCC_C_LANGUAGE_STANDARD = gnu11;
				GCC_DYNAMIC_NO_PIC = NO;
				GCC_NO_COMMON_BLOCKS = YES;
				GCC_OPTIMIZATION_LEVEL = 0;
				GCC_PREPROCESSOR_DEFINITIONS = (
					"DEBUG=1",
					"$(inherited)",
				);
				GCC_WARN_64_TO_32_BIT_CONVERSION = YES;
				GCC_WARN_ABOUT_RETURN_TYPE = YES_ERROR;
				GCC_WARN_UNDECLARED_SELECTOR = YES;
				GCC_WARN_UNINITIALIZED_AUTOS = YES_AGGRESSIVE;
				GCC_WARN_UNUSED_FUNCTION = YES;
				GCC_WARN_UNUSED_VARIABLE = YES;
				IPHONEOS_DEPLOYMENT_TARGET = 11.2;
				MTL_ENABLE_DEBUG_INFO = YES;
				ONLY_ACTIVE_ARCH = YES;
				SDKROOT = iphoneos;
				SWIFT_ACTIVE_COMPILATION_CONDITIONS = DEBUG;
				SWIFT_OPTIMIZATION_LEVEL = "-Onone";
			};
			name = Debug;
		};
		A5F1D6812077F16D0061E758 /* Release */ = {
			isa = XCBuildConfiguration;
			buildSettings = {
				ALWAYS_SEARCH_USER_PATHS = NO;
				CLANG_ANALYZER_NONNULL = YES;
				CLANG_ANALYZER_NUMBER_OBJECT_CONVERSION = YES_AGGRESSIVE;
				CLANG_CXX_LANGUAGE_STANDARD = "gnu++14";
				CLANG_CXX_LIBRARY = "libc++";
				CLANG_ENABLE_MODULES = YES;
				CLANG_ENABLE_OBJC_ARC = YES;
				CLANG_WARN_BLOCK_CAPTURE_AUTORELEASING = YES;
				CLANG_WARN_BOOL_CONVERSION = YES;
				CLANG_WARN_COMMA = YES;
				CLANG_WARN_CONSTANT_CONVERSION = YES;
				CLANG_WARN_DIRECT_OBJC_ISA_USAGE = YES_ERROR;
				CLANG_WARN_DOCUMENTATION_COMMENTS = YES;
				CLANG_WARN_EMPTY_BODY = YES;
				CLANG_WARN_ENUM_CONVERSION = YES;
				CLANG_WARN_INFINITE_RECURSION = YES;
				CLANG_WARN_INT_CONVERSION = YES;
				CLANG_WARN_NON_LITERAL_NULL_CONVERSION = YES;
				CLANG_WARN_OBJC_LITERAL_CONVERSION = YES;
				CLANG_WARN_OBJC_ROOT_CLASS = YES_ERROR;
				CLANG_WARN_RANGE_LOOP_ANALYSIS = YES;
				CLANG_WARN_STRICT_PROTOTYPES = YES;
				CLANG_WARN_SUSPICIOUS_MOVE = YES;
				CLANG_WARN_UNGUARDED_AVAILABILITY = YES_AGGRESSIVE;
				CLANG_WARN_UNREACHABLE_CODE = YES;
				CLANG_WARN__DUPLICATE_METHOD_MATCH = YES;
				CODE_SIGN_IDENTITY = "iPhone Developer";
				COPY_PHASE_STRIP = NO;
				DEBUG_INFORMATION_FORMAT = "dwarf-with-dsym";
				ENABLE_NS_ASSERTIONS = NO;
				ENABLE_STRICT_OBJC_MSGSEND = YES;
				GCC_C_LANGUAGE_STANDARD = gnu11;
				GCC_NO_COMMON_BLOCKS = YES;
				GCC_WARN_64_TO_32_BIT_CONVERSION = YES;
				GCC_WARN_ABOUT_RETURN_TYPE = YES_ERROR;
				GCC_WARN_UNDECLARED_SELECTOR = YES;
				GCC_WARN_UNINITIALIZED_AUTOS = YES_AGGRESSIVE;
				GCC_WARN_UNUSED_FUNCTION = YES;
				GCC_WARN_UNUSED_VARIABLE = YES;
				IPHONEOS_DEPLOYMENT_TARGET = 11.2;
				MTL_ENABLE_DEBUG_INFO = NO;
				SDKROOT = iphoneos;
				SWIFT_OPTIMIZATION_LEVEL = "-Owholemodule";
				VALIDATE_PRODUCT = YES;
			};
			name = Release;
		};
		A5F1D6832077F16D0061E758 /* Debug */ = {
			isa = XCBuildConfiguration;
			baseConfigurationReference = 43362626BA4DDF79E6D06508 /* Pods-CoinScout.debug.xcconfig */;
			buildSettings = {
				ASSETCATALOG_COMPILER_APPICON_NAME = AppIcon;
				CODE_SIGN_STYLE = Automatic;
				DEVELOPMENT_TEAM = V7P6NGPZ87;
				INFOPLIST_FILE = CoinScout/Info.plist;
				LD_RUNPATH_SEARCH_PATHS = "$(inherited) @executable_path/Frameworks";
				PRODUCT_BUNDLE_IDENTIFIER = com.brandon.CoinScout;
				PRODUCT_NAME = "$(TARGET_NAME)";
				SWIFT_VERSION = 4.0;
				TARGETED_DEVICE_FAMILY = "1,2";
			};
			name = Debug;
		};
		A5F1D6842077F16D0061E758 /* Release */ = {
			isa = XCBuildConfiguration;
			baseConfigurationReference = 58D4A9256325A689C6B72850 /* Pods-CoinScout.release.xcconfig */;
			buildSettings = {
				ASSETCATALOG_COMPILER_APPICON_NAME = AppIcon;
				CODE_SIGN_STYLE = Automatic;
				DEVELOPMENT_TEAM = V7P6NGPZ87;
				INFOPLIST_FILE = CoinScout/Info.plist;
				LD_RUNPATH_SEARCH_PATHS = "$(inherited) @executable_path/Frameworks";
				PRODUCT_BUNDLE_IDENTIFIER = com.brandon.CoinScout;
				PRODUCT_NAME = "$(TARGET_NAME)";
				SWIFT_VERSION = 4.0;
				TARGETED_DEVICE_FAMILY = "1,2";
			};
			name = Release;
		};
/* End XCBuildConfiguration section */

/* Begin XCConfigurationList section */
		A5F1D6682077F16C0061E758 /* Build configuration list for PBXProject "CoinScout" */ = {
			isa = XCConfigurationList;
			buildConfigurations = (
				A5F1D6802077F16D0061E758 /* Debug */,
				A5F1D6812077F16D0061E758 /* Release */,
			);
			defaultConfigurationIsVisible = 0;
			defaultConfigurationName = Release;
		};
		A5F1D6822077F16D0061E758 /* Build configuration list for PBXNativeTarget "CoinScout" */ = {
			isa = XCConfigurationList;
			buildConfigurations = (
				A5F1D6832077F16D0061E758 /* Debug */,
				A5F1D6842077F16D0061E758 /* Release */,
			);
			defaultConfigurationIsVisible = 0;
			defaultConfigurationName = Release;
		};
/* End XCConfigurationList section */

/* Begin XCVersionGroup section */
		A5F1D6772077F16C0061E758 /* CoinScout.xcdatamodeld */ = {
			isa = XCVersionGroup;
			children = (
				A5F1D6782077F16C0061E758 /* CoinScout.xcdatamodel */,
			);
			currentVersion = A5F1D6782077F16C0061E758 /* CoinScout.xcdatamodel */;
			path = CoinScout.xcdatamodeld;
			sourceTree = "<group>";
			versionGroupType = wrapper.xcdatamodel;
		};
/* End XCVersionGroup section */
	};
	rootObject = A5F1D6652077F16C0061E758 /* Project object */;
}
